
Microsoft Visual Studio Solution File, Format Version 12.00
# Visual Studio Version 17
VisualStudioVersion = 17.14.36301.6
MinimumVisualStudioVersion = 10.0.40219.1
Project("{FAE04EC0-301F-11D3-BF4B-00C04F79EFBC}") = "Runic.Algorithms.ToSSA", "src\Runic.Algorithms.ToSSA.csproj", "{BA26D0E2-7CEB-41DC-9A2F-296F87301741}"
EndProject
Project("{2150E333-8FDC-42A3-9474-1A3956D46DE8}") = "Build", "Build", "{02EA681E-C7D8-13C7-8484-4AC65E1B71E8}"
EndProject
Project("{2150E333-8FDC-42A3-9474-1A3956D46DE8}") = "Net48", "Net48", "{FDEACC57-A2D9-4F2B-A2F2-CA90983944E9}"
EndProject
Project("{FAE04EC0-301F-11D3-BF4B-00C04F79EFBC}") = "Runic.Algorithms.ToSSA.Net48", "build\net48\Runic.Algorithms.ToSSA.Net48.csproj", "{4B60F679-DA12-496E-9C97-649829F95957}"
EndProject
Project("{2150E333-8FDC-42A3-9474-1A3956D46DE8}") = "Net6", "Net6", "{BF7A64CD-2FB2-4298-AF7A-43A4EEACF2F0}"
EndProject
Project("{FAE04EC0-301F-11D3-BF4B-00C04F79EFBC}") = "Runic.Algorithms.ToSSA.Net6", "build\net6\Runic.Algorithms.ToSSA.Net6.csproj", "{2DB3A431-2303-4536-8BC7-8C4AB713D920}"
EndProject
Project("{2150E333-8FDC-42A3-9474-1A3956D46DE8}") = "Net8", "Net8", "{60BA54E4-A6AE-476F-BAC7-A1AC8BE38DE5}"
EndProject
Project("{FAE04EC0-301F-11D3-BF4B-00C04F79EFBC}") = "Runic.Algorithms.ToSSA.Net8", "build\net8\Runic.Algorithms.ToSSA.Net8.csproj", "{505E6E22-BADE-4E9A-9621-C21C221B0D25}"
EndProject
Project("{2150E333-8FDC-42A3-9474-1A3956D46DE8}") = "Nuget", "Nuget", "{EF7564EF-DD27-4E42-8FC5-CE5042810DB8}"
EndProject
Project("{FAE04EC0-301F-11D3-BF4B-00C04F79EFBC}") = "Runic.Algorithms.ToSSA.Nuget", "build\nuget\Runic.Algorithms.ToSSA.Nuget.csproj", "{D50AC6C3-C820-40BD-A1B6-16C49A8E6475}"
	ProjectSection(ProjectDependencies) = postProject
		{2DB3A431-2303-4536-8BC7-8C4AB713D920} = {2DB3A431-2303-4536-8BC7-8C4AB713D920}
		{4B60F679-DA12-496E-9C97-649829F95957} = {4B60F679-DA12-496E-9C97-649829F95957}
		{505E6E22-BADE-4E9A-9621-C21C221B0D25} = {505E6E22-BADE-4E9A-9621-C21C221B0D25}
	EndProjectSection
EndProject
Global
	GlobalSection(SolutionConfigurationPlatforms) = preSolution
		Debug|Any CPU = Debug|Any CPU
		Release|Any CPU = Release|Any CPU
	EndGlobalSection
	GlobalSection(ProjectConfigurationPlatforms) = postSolution
		{BA26D0E2-7CEB-41DC-9A2F-296F87301741}.Debug|Any CPU.ActiveCfg = Debug|Any CPU
		{BA26D0E2-7CEB-41DC-9A2F-296F87301741}.Debug|Any CPU.Build.0 = Debug|Any CPU
		{BA26D0E2-7CEB-41DC-9A2F-296F87301741}.Release|Any CPU.ActiveCfg = Release|Any CPU
		{BA26D0E2-7CEB-41DC-9A2F-296F87301741}.Release|Any CPU.Build.0 = Release|Any CPU
		{4B60F679-DA12-496E-9C97-649829F95957}.Debug|Any CPU.ActiveCfg = Debug|Any CPU
		{4B60F679-DA12-496E-9C97-649829F95957}.Debug|Any CPU.Build.0 = Debug|Any CPU
		{4B60F679-DA12-496E-9C97-649829F95957}.Release|Any CPU.ActiveCfg = Release|Any CPU
		{4B60F679-DA12-496E-9C97-649829F95957}.Release|Any CPU.Build.0 = Release|Any CPU
		{2DB3A431-2303-4536-8BC7-8C4AB713D920}.Debug|Any CPU.ActiveCfg = Debug|Any CPU
		{2DB3A431-2303-4536-8BC7-8C4AB713D920}.Debug|Any CPU.Build.0 = Debug|Any CPU
		{2DB3A431-2303-4536-8BC7-8C4AB713D920}.Release|Any CPU.ActiveCfg = Release|Any CPU
		{2DB3A431-2303-4536-8BC7-8C4AB713D920}.Release|Any CPU.Build.0 = Release|Any CPU
		{505E6E22-BADE-4E9A-9621-C21C221B0D25}.Debug|Any CPU.ActiveCfg = Debug|Any CPU
		{505E6E22-BADE-4E9A-9621-C21C221B0D25}.Debug|Any CPU.Build.0 = Debug|Any CPU
		{505E6E22-BADE-4E9A-9621-C21C221B0D25}.Release|Any CPU.ActiveCfg = Release|Any CPU
		{505E6E22-BADE-4E9A-9621-C21C221B0D25}.Release|Any CPU.Build.0 = Release|Any CPU
		{D50AC6C3-C820-40BD-A1B6-16C49A8E6475}.Debug|Any CPU.ActiveCfg = Debug|Any CPU
		{D50AC6C3-C820-40BD-A1B6-16C49A8E6475}.Debug|Any CPU.Build.0 = Debug|Any CPU
		{D50AC6C3-C820-40BD-A1B6-16C49A8E6475}.Release|Any CPU.ActiveCfg = Release|Any CPU
		{D50AC6C3-C820-40BD-A1B6-16C49A8E6475}.Release|Any CPU.Build.0 = Release|Any CPU
	EndGlobalSection
	GlobalSection(SolutionProperties) = preSolution
		HideSolutionNode = FALSE
	EndGlobalSection
	GlobalSection(NestedProjects) = preSolution
		{FDEACC57-A2D9-4F2B-A2F2-CA90983944E9} = {02EA681E-C7D8-13C7-8484-4AC65E1B71E8}
		{4B60F679-DA12-496E-9C97-649829F95957} = {FDEACC57-A2D9-4F2B-A2F2-CA90983944E9}
		{BF7A64CD-2FB2-4298-AF7A-43A4EEACF2F0} = {02EA681E-C7D8-13C7-8484-4AC65E1B71E8}
		{2DB3A431-2303-4536-8BC7-8C4AB713D920} = {BF7A64CD-2FB2-4298-AF7A-43A4EEACF2F0}
		{60BA54E4-A6AE-476F-BAC7-A1AC8BE38DE5} = {02EA681E-C7D8-13C7-8484-4AC65E1B71E8}
		{505E6E22-BADE-4E9A-9621-C21C221B0D25} = {60BA54E4-A6AE-476F-BAC7-A1AC8BE38DE5}
		{EF7564EF-DD27-4E42-8FC5-CE5042810DB8} = {02EA681E-C7D8-13C7-8484-4AC65E1B71E8}
		{D50AC6C3-C820-40BD-A1B6-16C49A8E6475} = {EF7564EF-DD27-4E42-8FC5-CE5042810DB8}
	EndGlobalSection
	GlobalSection(ExtensibilityGlobals) = postSolution
		SolutionGuid = {435260D8-B5E8-47DA-AD71-46C7F8491B00}
	EndGlobalSection
EndGlobal
